
Microsoft Visual Studio Solution File, Format Version 12.00
# Visual Studio Version 17
VisualStudioVersion = 17.14.36310.24
MinimumVisualStudioVersion = 10.0.40219.1
Project("{FAE04EC0-301F-11D3-BF4B-00C04F79EFBC}") = "DriverPaymentService", "DriverPaymentService\DriverPaymentService.csproj", "{300F0B65-B962-44F4-83BC-B410AFDDD441}"
EndProject
Project("{FAE04EC0-301F-11D3-BF4B-00C04F79EFBC}") = "ApiGateway", "ApiGateway\ApiGateway.csproj", "{DDBBB565-7005-40E1-A112-3CAC6C6471A6}"
EndProject
Project("{FAE04EC0-301F-11D3-BF4B-00C04F79EFBC}") = "Fontend", "Fontend\Fontend.csproj", "{B585BFAD-7078-454E-8DB9-E616A3FAA29C}"
EndProject
Project("{FAE04EC0-301F-11D3-BF4B-00C04F79EFBC}") = "DriverServices", "DriverServices\DriverServices.csproj", "{950D365F-0006-442D-A4CF-3879CDD33B5E}"
EndProject
Project("{FAE04EC0-301F-11D3-BF4B-00C04F79EFBC}") = "StationService", "StationService\StationService.csproj", "{2FEB332A-AD92-4481-A47C-C2AB5F1716B4}"
EndProject
Project("{FAE04EC0-301F-11D3-BF4B-00C04F79EFBC}") = "BatteryAdminService", "BatteryAdminService\BatteryAdminService.csproj", "{7E2D4FD7-6972-4489-A279-2838B5734A84}"
EndProject
Global
	GlobalSection(SolutionConfigurationPlatforms) = preSolution
		Debug|Any CPU = Debug|Any CPU
		Release|Any CPU = Release|Any CPU
	EndGlobalSection
	GlobalSection(ProjectConfigurationPlatforms) = postSolution
		{300F0B65-B962-44F4-83BC-B410AFDDD441}.Debug|Any CPU.ActiveCfg = Debug|Any CPU
		{300F0B65-B962-44F4-83BC-B410AFDDD441}.Debug|Any CPU.Build.0 = Debug|Any CPU
		{300F0B65-B962-44F4-83BC-B410AFDDD441}.Release|Any CPU.ActiveCfg = Release|Any CPU
		{300F0B65-B962-44F4-83BC-B410AFDDD441}.Release|Any CPU.Build.0 = Release|Any CPU
		{DDBBB565-7005-40E1-A112-3CAC6C6471A6}.Debug|Any CPU.ActiveCfg = Debug|Any CPU
		{DDBBB565-7005-40E1-A112-3CAC6C6471A6}.Debug|Any CPU.Build.0 = Debug|Any CPU
		{DDBBB565-7005-40E1-A112-3CAC6C6471A6}.Release|Any CPU.ActiveCfg = Release|Any CPU
		{DDBBB565-7005-40E1-A112-3CAC6C6471A6}.Release|Any CPU.Build.0 = Release|Any CPU
		{B585BFAD-7078-454E-8DB9-E616A3FAA29C}.Debug|Any CPU.ActiveCfg = Debug|Any CPU
		{B585BFAD-7078-454E-8DB9-E616A3FAA29C}.Debug|Any CPU.Build.0 = Debug|Any CPU
		{B585BFAD-7078-454E-8DB9-E616A3FAA29C}.Release|Any CPU.ActiveCfg = Release|Any CPU
		{B585BFAD-7078-454E-8DB9-E616A3FAA29C}.Release|Any CPU.Build.0 = Release|Any CPU
		{950D365F-0006-442D-A4CF-3879CDD33B5E}.Debug|Any CPU.ActiveCfg = Debug|Any CPU
		{950D365F-0006-442D-A4CF-3879CDD33B5E}.Debug|Any CPU.Build.0 = Debug|Any CPU
		{950D365F-0006-442D-A4CF-3879CDD33B5E}.Release|Any CPU.ActiveCfg = Release|Any CPU
		{950D365F-0006-442D-A4CF-3879CDD33B5E}.Release|Any CPU.Build.0 = Release|Any CPU
		{2FEB332A-AD92-4481-A47C-C2AB5F1716B4}.Debug|Any CPU.ActiveCfg = Debug|Any CPU
		{2FEB332A-AD92-4481-A47C-C2AB5F1716B4}.Debug|Any CPU.Build.0 = Debug|Any CPU
		{2FEB332A-AD92-4481-A47C-C2AB5F1716B4}.Release|Any CPU.ActiveCfg = Release|Any CPU
		{2FEB332A-AD92-4481-A47C-C2AB5F1716B4}.Release|Any CPU.Build.0 = Release|Any CPU
		{7E2D4FD7-6972-4489-A279-2838B5734A84}.Debug|Any CPU.ActiveCfg = Debug|Any CPU
		{7E2D4FD7-6972-4489-A279-2838B5734A84}.Debug|Any CPU.Build.0 = Debug|Any CPU
		{7E2D4FD7-6972-4489-A279-2838B5734A84}.Release|Any CPU.ActiveCfg = Release|Any CPU
		{7E2D4FD7-6972-4489-A279-2838B5734A84}.Release|Any CPU.Build.0 = Release|Any CPU
	EndGlobalSection
	GlobalSection(SolutionProperties) = preSolution
		HideSolutionNode = FALSE
	EndGlobalSection
	GlobalSection(ExtensibilityGlobals) = postSolution
		SolutionGuid = {6DE10E0A-AFB1-4B20-8EE2-357B371B1D79}
	EndGlobalSection
EndGlobal
