
Microsoft Visual Studio Solution File, Format Version 12.00
# Visual Studio Version 17
VisualStudioVersion = 17.14.36310.24
MinimumVisualStudioVersion = 10.0.40219.1
Project("{2150E333-8FDC-42A3-9474-1A3956D46DE8}") = "Services", "Services", "{2EF516F4-951D-47B9-8273-2667FA7B6ABD}"
EndProject
Project("{FAE04EC0-301F-11D3-BF4B-00C04F79EFBC}") = "DriverPaymentService", "DriverPaymentService\DriverPaymentService.csproj", "{300F0B65-B962-44F4-83BC-B410AFDDD441}"
EndProject
Project("{FAE04EC0-301F-11D3-BF4B-00C04F79EFBC}") = "ApiGateway", "ApiGateway\ApiGateway.csproj", "{DDBBB565-7005-40E1-A112-3CAC6C6471A6}"
EndProject
Project("{FAE04EC0-301F-11D3-BF4B-00C04F79EFBC}") = "Fontend", "Fontend\Fontend.csproj", "{B585BFAD-7078-454E-8DB9-E616A3FAA29C}"
EndProject
Project("{2150E333-8FDC-42A3-9474-1A3956D46DE8}") = "Solution Items", "Solution Items", "{8EC462FD-D22E-90A8-E5CE-7E832BA40C5D}"
	ProjectSection(SolutionItems) = preProject
		.gitignore = .gitignore
	EndProjectSection
EndProject
Global
	GlobalSection(SolutionConfigurationPlatforms) = preSolution
		Debug|Any CPU = Debug|Any CPU
		Release|Any CPU = Release|Any CPU
	EndGlobalSection
	GlobalSection(ProjectConfigurationPlatforms) = postSolution
		{300F0B65-B962-44F4-83BC-B410AFDDD441}.Debug|Any CPU.ActiveCfg = Debug|Any CPU
		{300F0B65-B962-44F4-83BC-B410AFDDD441}.Debug|Any CPU.Build.0 = Debug|Any CPU
		{300F0B65-B962-44F4-83BC-B410AFDDD441}.Release|Any CPU.ActiveCfg = Release|Any CPU
		{300F0B65-B962-44F4-83BC-B410AFDDD441}.Release|Any CPU.Build.0 = Release|Any CPU
		{DDBBB565-7005-40E1-A112-3CAC6C6471A6}.Debug|Any CPU.ActiveCfg = Debug|Any CPU
		{DDBBB565-7005-40E1-A112-3CAC6C6471A6}.Debug|Any CPU.Build.0 = Debug|Any CPU
		{DDBBB565-7005-40E1-A112-3CAC6C6471A6}.Release|Any CPU.ActiveCfg = Release|Any CPU
		{DDBBB565-7005-40E1-A112-3CAC6C6471A6}.Release|Any CPU.Build.0 = Release|Any CPU
		{B585BFAD-7078-454E-8DB9-E616A3FAA29C}.Debug|Any CPU.ActiveCfg = Debug|Any CPU
		{B585BFAD-7078-454E-8DB9-E616A3FAA29C}.Debug|Any CPU.Build.0 = Debug|Any CPU
		{B585BFAD-7078-454E-8DB9-E616A3FAA29C}.Release|Any CPU.ActiveCfg = Release|Any CPU
		{B585BFAD-7078-454E-8DB9-E616A3FAA29C}.Release|Any CPU.Build.0 = Release|Any CPU
	EndGlobalSection
	GlobalSection(SolutionProperties) = preSolution
		HideSolutionNode = FALSE
	EndGlobalSection
	GlobalSection(NestedProjects) = preSolution
		{300F0B65-B962-44F4-83BC-B410AFDDD441} = {2EF516F4-951D-47B9-8273-2667FA7B6ABD}
	EndGlobalSection
	GlobalSection(ExtensibilityGlobals) = postSolution
		SolutionGuid = {6DE10E0A-AFB1-4B20-8EE2-357B371B1D79}
	EndGlobalSection
EndGlobal
